
Microsoft Visual Studio Solution File, Format Version 12.00
# Visual Studio Version 17
VisualStudioVersion = 17.14.37710.0 d17.14
MinimumVisualStudioVersion = 10.0.40219.1
Project("{FAE04EC0-301F-11D3-BF4B-00C04F79EFBC}") = "Range_Checker", "Range_Checker\Range_Checker.csproj", "{75B4DCF8-5516-4B66-9EA3-8F95AAAD4004}"
EndProject
Global
	GlobalSection(SolutionConfigurationPlatforms) = preSolution
		Debug|Any CPU = Debug|Any CPU
		Release|Any CPU = Release|Any CPU
	EndGlobalSection
	GlobalSection(ProjectConfigurationPlatforms) = postSolution
		{75B4DCF8-5516-4B66-9EA3-8F95AAAD4004}.Debug|Any CPU.ActiveCfg = Debug|Any CPU
		{75B4DCF8-5516-4B66-9EA3-8F95AAAD4004}.Debug|Any CPU.Build.0 = Debug|Any CPU
		{75B4DCF8-5516-4B66-9EA3-8F95AAAD4004}.Release|Any CPU.ActiveCfg = Release|Any CPU
		{75B4DCF8-5516-4B66-9EA3-8F95AAAD4004}.Release|Any CPU.Build.0 = Release|Any CPU
	EndGlobalSection
	GlobalSection(SolutionProperties) = preSolution
		HideSolutionNode = FALSE
	EndGlobalSection
	GlobalSection(ExtensibilityGlobals) = postSolution
		SolutionGuid = {43DF98C2-D6AE-4A7D-B263-523FA9C47E45}
	EndGlobalSection
EndGlobal
